
Microsoft Visual Studio Solution File, Format Version 12.00
# Visual Studio Version 16
VisualStudioVersion = 16.0.31624.102
MinimumVisualStudioVersion = 10.0.40219.1
Project("{9A19103F-16F7-4668-BE54-9A1E7A4F7556}") = "logica", "logica\logica.csproj", "{1579DA7C-D985-45BF-8879-DA69F2F74072}"
EndProject
Project("{FAE04EC0-301F-11D3-BF4B-00C04F79EFBC}") = "web", "web\web.csproj", "{F401DB66-7C11-4E28-9EB1-82BC2E7361D1}"
EndProject
Global
	GlobalSection(SolutionConfigurationPlatforms) = preSolution
		Debug|Any CPU = Debug|Any CPU
		Release|Any CPU = Release|Any CPU
	EndGlobalSection
	GlobalSection(ProjectConfigurationPlatforms) = postSolution
		{1579DA7C-D985-45BF-8879-DA69F2F74072}.Debug|Any CPU.ActiveCfg = Debug|Any CPU
		{1579DA7C-D985-45BF-8879-DA69F2F74072}.Debug|Any CPU.Build.0 = Debug|Any CPU
		{1579DA7C-D985-45BF-8879-DA69F2F74072}.Release|Any CPU.ActiveCfg = Release|Any CPU
		{1579DA7C-D985-45BF-8879-DA69F2F74072}.Release|Any CPU.Build.0 = Release|Any CPU
		{F401DB66-7C11-4E28-9EB1-82BC2E7361D1}.Debug|Any CPU.ActiveCfg = Debug|Any CPU
		{F401DB66-7C11-4E28-9EB1-82BC2E7361D1}.Debug|Any CPU.Build.0 = Debug|Any CPU
		{F401DB66-7C11-4E28-9EB1-82BC2E7361D1}.Release|Any CPU.ActiveCfg = Release|Any CPU
		{F401DB66-7C11-4E28-9EB1-82BC2E7361D1}.Release|Any CPU.Build.0 = Release|Any CPU
	EndGlobalSection
	GlobalSection(SolutionProperties) = preSolution
		HideSolutionNode = FALSE
	EndGlobalSection
	GlobalSection(ExtensibilityGlobals) = postSolution
		SolutionGuid = {147F5CE4-6CE1-48BD-A1B3-751140EF55E0}
	EndGlobalSection
EndGlobal
